
Microsoft Visual Studio Solution File, Format Version 12.00
# Visual Studio Version 17
VisualStudioVersion = 17.2.32630.192
MinimumVisualStudioVersion = 10.0.40219.1
Project("{9A19103F-16F7-4668-BE54-9A1E7A4F7556}") = "F10Y.T0013.Construction", "F10Y.T0013.Construction\F10Y.T0013.Construction.csproj", "{EA93B044-9CF5-4004-A5FC-0C7F1FB92E4D}"
EndProject
Project("{9A19103F-16F7-4668-BE54-9A1E7A4F7556}") = "F10Y.T0013", "F10Y.T0013\F10Y.T0013.csproj", "{60F134EB-C522-4F12-B922-6B0DB89C2622}"
EndProject
Global
	GlobalSection(SolutionConfigurationPlatforms) = preSolution
		Debug|Any CPU = Debug|Any CPU
		Release|Any CPU = Release|Any CPU
	EndGlobalSection
	GlobalSection(ProjectConfigurationPlatforms) = postSolution
		{EA93B044-9CF5-4004-A5FC-0C7F1FB92E4D}.Debug|Any CPU.ActiveCfg = Debug|Any CPU
		{EA93B044-9CF5-4004-A5FC-0C7F1FB92E4D}.Debug|Any CPU.Build.0 = Debug|Any CPU
		{EA93B044-9CF5-4004-A5FC-0C7F1FB92E4D}.Release|Any CPU.ActiveCfg = Release|Any CPU
		{EA93B044-9CF5-4004-A5FC-0C7F1FB92E4D}.Release|Any CPU.Build.0 = Release|Any CPU
		{60F134EB-C522-4F12-B922-6B0DB89C2622}.Debug|Any CPU.ActiveCfg = Debug|Any CPU
		{60F134EB-C522-4F12-B922-6B0DB89C2622}.Debug|Any CPU.Build.0 = Debug|Any CPU
		{60F134EB-C522-4F12-B922-6B0DB89C2622}.Release|Any CPU.ActiveCfg = Release|Any CPU
		{60F134EB-C522-4F12-B922-6B0DB89C2622}.Release|Any CPU.Build.0 = Release|Any CPU
	EndGlobalSection
	GlobalSection(SolutionProperties) = preSolution
		HideSolutionNode = FALSE
	EndGlobalSection
	GlobalSection(ExtensibilityGlobals) = postSolution
		SolutionGuid = {DDA616FC-DF27-4C4C-8321-7FBF06E825FF}
	EndGlobalSection
EndGlobal
