
Microsoft Visual Studio Solution File, Format Version 12.00
# Visual Studio Version 17
VisualStudioVersion = 17.2.32630.192
MinimumVisualStudioVersion = 10.0.40219.1
Project("{9A19103F-16F7-4668-BE54-9A1E7A4F7556}") = "F10Y.T0013", "F10Y.T0013\F10Y.T0013.csproj", "{02D02662-1D88-4701-A9FE-D1D2B7A63DB9}"
EndProject
Project("{2150E333-8FDC-42A3-9474-1A3956D46DE8}") = "_Dependencies", "_Dependencies", "{925216E8-8329-4698-AB84-77805B1D2F76}"
EndProject
Project("{9A19103F-16F7-4668-BE54-9A1E7A4F7556}") = "F10Y.T0000", "..\..\F10Y.T0000\source\F10Y.T0000\F10Y.T0000.csproj", "{1F19F88B-F374-4E3D-B129-088FFF25689F}"
EndProject
Project("{9A19103F-16F7-4668-BE54-9A1E7A4F7556}") = "F10Y.T0010", "..\..\F10Y.T0010\source\F10Y.T0010\F10Y.T0010.csproj", "{2119AA6E-B056-48C0-889D-109B45B1718F}"
EndProject
Project("{9A19103F-16F7-4668-BE54-9A1E7A4F7556}") = "F10Y.T0004", "..\..\F10Y.T0004\source\F10Y.T0004\F10Y.T0004.csproj", "{698A81CB-A745-4606-8F84-9CA9A2D0BEA0}"
EndProject
Global
	GlobalSection(NestedProjects) = preSolution
		{1F19F88B-F374-4E3D-B129-088FFF25689F} = {925216E8-8329-4698-AB84-77805B1D2F76}
		{2119AA6E-B056-48C0-889D-109B45B1718F} = {925216E8-8329-4698-AB84-77805B1D2F76}
		{698A81CB-A745-4606-8F84-9CA9A2D0BEA0} = {925216E8-8329-4698-AB84-77805B1D2F76}
	EndGlobalSection
	GlobalSection(SolutionConfigurationPlatforms) = preSolution
		Debug|Any CPU = Debug|Any CPU
		Release|Any CPU = Release|Any CPU
	EndGlobalSection
	GlobalSection(ProjectConfigurationPlatforms) = postSolution
		{02D02662-1D88-4701-A9FE-D1D2B7A63DB9}.Debug|Any CPU.ActiveCfg = Debug|Any CPU
		{02D02662-1D88-4701-A9FE-D1D2B7A63DB9}.Debug|Any CPU.Build.0 = Debug|Any CPU
		{02D02662-1D88-4701-A9FE-D1D2B7A63DB9}.Release|Any CPU.ActiveCfg = Release|Any CPU
		{02D02662-1D88-4701-A9FE-D1D2B7A63DB9}.Release|Any CPU.Build.0 = Release|Any CPU
		{1F19F88B-F374-4E3D-B129-088FFF25689F}.Debug|Any CPU.ActiveCfg = Debug|Any CPU
		{1F19F88B-F374-4E3D-B129-088FFF25689F}.Debug|Any CPU.Build.0 = Debug|Any CPU
		{1F19F88B-F374-4E3D-B129-088FFF25689F}.Release|Any CPU.ActiveCfg = Release|Any CPU
		{1F19F88B-F374-4E3D-B129-088FFF25689F}.Release|Any CPU.Build.0 = Release|Any CPU
		{2119AA6E-B056-48C0-889D-109B45B1718F}.Debug|Any CPU.ActiveCfg = Debug|Any CPU
		{2119AA6E-B056-48C0-889D-109B45B1718F}.Debug|Any CPU.Build.0 = Debug|Any CPU
		{2119AA6E-B056-48C0-889D-109B45B1718F}.Release|Any CPU.ActiveCfg = Release|Any CPU
		{2119AA6E-B056-48C0-889D-109B45B1718F}.Release|Any CPU.Build.0 = Release|Any CPU
		{698A81CB-A745-4606-8F84-9CA9A2D0BEA0}.Debug|Any CPU.ActiveCfg = Debug|Any CPU
		{698A81CB-A745-4606-8F84-9CA9A2D0BEA0}.Debug|Any CPU.Build.0 = Debug|Any CPU
		{698A81CB-A745-4606-8F84-9CA9A2D0BEA0}.Release|Any CPU.ActiveCfg = Release|Any CPU
		{698A81CB-A745-4606-8F84-9CA9A2D0BEA0}.Release|Any CPU.Build.0 = Release|Any CPU
	EndGlobalSection
	GlobalSection(SolutionProperties) = preSolution
		HideSolutionNode = FALSE
	EndGlobalSection
	GlobalSection(ExtensibilityGlobals) = postSolution
		SolutionGuid = {03895DBF-777C-405F-8485-57F4FB8DBA28}
	EndGlobalSection
EndGlobal
